
Microsoft Visual Studio Solution File, Format Version 12.00
# Visual Studio Version 17
VisualStudioVersion = 17.3.32825.248
MinimumVisualStudioVersion = 10.0.40219.1
Project("{FAE04EC0-301F-11D3-BF4B-00C04F79EFBC}") = "RatingProjectApi", "RatingProjectApi\RatingProjectApi.csproj", "{F96C0505-949C-48BA-ADDB-B72972DC9B17}"
EndProject
Project("{FAE04EC0-301F-11D3-BF4B-00C04F79EFBC}") = "DAL", "DAL\DAL.csproj", "{7340A03E-59D7-4E63-AC97-1E1CB8BAD4FD}"
EndProject
Project("{FAE04EC0-301F-11D3-BF4B-00C04F79EFBC}") = "BLL", "BLL\BLL.csproj", "{D3F4821C-CB66-414C-A317-EBF3F1DF2389}"
EndProject
Global
	GlobalSection(SolutionConfigurationPlatforms) = preSolution
		Debug|Any CPU = Debug|Any CPU
		Release|Any CPU = Release|Any CPU
	EndGlobalSection
	GlobalSection(ProjectConfigurationPlatforms) = postSolution
		{F96C0505-949C-48BA-ADDB-B72972DC9B17}.Debug|Any CPU.ActiveCfg = Debug|Any CPU
		{F96C0505-949C-48BA-ADDB-B72972DC9B17}.Debug|Any CPU.Build.0 = Debug|Any CPU
		{F96C0505-949C-48BA-ADDB-B72972DC9B17}.Release|Any CPU.ActiveCfg = Release|Any CPU
		{F96C0505-949C-48BA-ADDB-B72972DC9B17}.Release|Any CPU.Build.0 = Release|Any CPU
		{7340A03E-59D7-4E63-AC97-1E1CB8BAD4FD}.Debug|Any CPU.ActiveCfg = Debug|Any CPU
		{7340A03E-59D7-4E63-AC97-1E1CB8BAD4FD}.Debug|Any CPU.Build.0 = Debug|Any CPU
		{7340A03E-59D7-4E63-AC97-1E1CB8BAD4FD}.Release|Any CPU.ActiveCfg = Release|Any CPU
		{7340A03E-59D7-4E63-AC97-1E1CB8BAD4FD}.Release|Any CPU.Build.0 = Release|Any CPU
		{D3F4821C-CB66-414C-A317-EBF3F1DF2389}.Debug|Any CPU.ActiveCfg = Debug|Any CPU
		{D3F4821C-CB66-414C-A317-EBF3F1DF2389}.Debug|Any CPU.Build.0 = Debug|Any CPU
		{D3F4821C-CB66-414C-A317-EBF3F1DF2389}.Release|Any CPU.ActiveCfg = Release|Any CPU
		{D3F4821C-CB66-414C-A317-EBF3F1DF2389}.Release|Any CPU.Build.0 = Release|Any CPU
	EndGlobalSection
	GlobalSection(SolutionProperties) = preSolution
		HideSolutionNode = FALSE
	EndGlobalSection
	GlobalSection(ExtensibilityGlobals) = postSolution
		SolutionGuid = {53DCE06A-FA27-462E-AAFE-32C7EA11CA12}
	EndGlobalSection
EndGlobal
